// !$*UTF8*$!
{
	archiveVersion = 1;
	classes = {
	};
	objectVersion = 55;
	objects = {

/* Begin PBXBuildFile section */
		83E4D6342D664EBC000EA5AF /* SwiftUI1App.swift in Sources */ = {isa = PBXBuildFile; fileRef = 83E4D6332D664EBC000EA5AF /* SwiftUI1App.swift */; };
		83E4D6362D664EBC000EA5AF /* ContentView.swift in Sources */ = {isa = PBXBuildFile; fileRef = 83E4D6352D664EBC000EA5AF /* ContentView.swift */; };
		83E4D6382D664EC4000EA5AF /* Assets.xcassets in Resources */ = {isa = PBXBuildFile; fileRef = 83E4D6372D664EC4000EA5AF /* Assets.xcassets */; };
		83E4D63B2D664EC4000EA5AF /* Preview Assets.xcassets in Resources */ = {isa = PBXBuildFile; fileRef = 83E4D63A2D664EC4000EA5AF /* Preview Assets.xcassets */; };
		83E4D6452D664EC4000EA5AF /* SwiftUI1Tests.swift in Sources */ = {isa = PBXBuildFile; fileRef = 83E4D6442D664EC4000EA5AF /* SwiftUI1Tests.swift */; };
		83E4D64F2D664EC4000EA5AF /* SwiftUI1UITests.swift in Sources */ = {isa = PBXBuildFile; fileRef = 83E4D64E2D664EC4000EA5AF /* SwiftUI1UITests.swift */; };
		83E4D6512D664EC4000EA5AF /* SwiftUI1UITestsLaunchTests.swift in Sources */ = {isa = PBXBuildFile; fileRef = 83E4D6502D664EC4000EA5AF /* SwiftUI1UITestsLaunchTests.swift */; };
/* End PBXBuildFile section */

/* Begin PBXContainerItemProxy section */
		83E4D6412D664EC4000EA5AF /* PBXContainerItemProxy */ = {
			isa = PBXContainerItemProxy;
			containerPortal = 83E4D6282D664EBC000EA5AF /* Project object */;
			proxyType = 1;
			remoteGlobalIDString = 83E4D62F2D664EBC000EA5AF;
			remoteInfo = SwiftUI1;
		};
		83E4D64B2D664EC4000EA5AF /* PBXContainerItemProxy */ = {
			isa = PBXContainerItemProxy;
			containerPortal = 83E4D6282D664EBC000EA5AF /* Project object */;
			proxyType = 1;
			remoteGlobalIDString = 83E4D62F2D664EBC000EA5AF;
			remoteInfo = SwiftUI1;
		};
/* End PBXContainerItemProxy section */

/* Begin PBXFileReference section */
		83E4D6302D664EBC000EA5AF /* SwiftUI1.app */ = {isa = PBXFileReference; explicitFileType = wrapper.application; includeInIndex = 0; path = SwiftUI1.app; sourceTree = BUILT_PRODUCTS_DIR; };
		83E4D6332D664EBC000EA5AF /* SwiftUI1App.swift */ = {isa = PBXFileReference; lastKnownFileType = sourcecode.swift; path = SwiftUI1App.swift; sourceTree = "<group>"; };
		83E4D6352D664EBC000EA5AF /* ContentView.swift */ = {isa = PBXFileReference; lastKnownFileType = sourcecode.swift; path = ContentView.swift; sourceTree = "<group>"; };
		83E4D6372D664EC4000EA5AF /* Assets.xcassets */ = {isa = PBXFileReference; lastKnownFileType = folder.assetcatalog; path = Assets.xcassets; sourceTree = "<group>"; };
		83E4D63A2D664EC4000EA5AF /* Preview Assets.xcassets */ = {isa = PBXFileReference; lastKnownFileType = folder.assetcatalog; path = "Preview Assets.xcassets"; sourceTree = "<group>"; };
		83E4D6402D664EC4000EA5AF /* SwiftUI1Tests.xctest */ = {isa = PBXFileReference; explicitFileType = wrapper.cfbundle; includeInIndex = 0; path = SwiftUI1Tests.xctest; sourceTree = BUILT_PRODUCTS_DIR; };
		83E4D6442D664EC4000EA5AF /* SwiftUI1Tests.swift */ = {isa = PBXFileReference; lastKnownFileType = sourcecode.swift; path = SwiftUI1Tests.swift; sourceTree = "<group>"; };
		83E4D64A2D664EC4000EA5AF /* SwiftUI1UITests.xctest */ = {isa = PBXFileReference; explicitFileType = wrapper.cfbundle; includeInIndex = 0; path = SwiftUI1UITests.xctest; sourceTree = BUILT_PRODUCTS_DIR; };
		83E4D64E2D664EC4000EA5AF /* SwiftUI1UITests.swift */ = {isa = PBXFileReference; lastKnownFileType = sourcecode.swift; path = SwiftUI1UITests.swift; sourceTree = "<group>"; };
		83E4D6502D664EC4000EA5AF /* SwiftUI1UITestsLaunchTests.swift */ = {isa = PBXFileReference; lastKnownFileType = sourcecode.swift; path = SwiftUI1UITestsLaunchTests.swift; sourceTree = "<group>"; };
/* End PBXFileReference section */

/* Begin PBXFrameworksBuildPhase section */
		83E4D62D2D664EBC000EA5AF /* Frameworks */ = {
			isa = PBXFrameworksBuildPhase;
			buildActionMask = 2147483647;
			files = (
			);
			runOnlyForDeploymentPostprocessing = 0;
		};
		83E4D63D2D664EC4000EA5AF /* Frameworks */ = {
			isa = PBXFrameworksBuildPhase;
			buildActionMask = 2147483647;
			files = (
			);
			runOnlyForDeploymentPostprocessing = 0;
		};
		83E4D6472D664EC4000EA5AF /* Frameworks */ = {
			isa = PBXFrameworksBuildPhase;
			buildActionMask = 2147483647;
			files = (
			);
			runOnlyForDeploymentPostprocessing = 0;
		};
/* End PBXFrameworksBuildPhase section */

/* Begin PBXGroup section */
		83E4D6272D664EBC000EA5AF = {
			isa = PBXGroup;
			children = (
				83E4D6322D664EBC000EA5AF /* SwiftUI1 */,
				83E4D6432D664EC4000EA5AF /* SwiftUI1Tests */,
				83E4D64D2D664EC4000EA5AF /* SwiftUI1UITests */,
				83E4D6312D664EBC000EA5AF /* Products */,
			);
			sourceTree = "<group>";
		};
		83E4D6312D664EBC000EA5AF /* Products */ = {
			isa = PBXGroup;
			children = (
				83E4D6302D664EBC000EA5AF /* SwiftUI1.app */,
				83E4D6402D664EC4000EA5AF /* SwiftUI1Tests.xctest */,
				83E4D64A2D664EC4000EA5AF /* SwiftUI1UITests.xctest */,
			);
			name = Products;
			sourceTree = "<group>";
		};
		83E4D6322D664EBC000EA5AF /* SwiftUI1 */ = {
			isa = PBXGroup;
			children = (
				83E4D6332D664EBC000EA5AF /* SwiftUI1App.swift */,
				83E4D6352D664EBC000EA5AF /* ContentView.swift */,
				83E4D6372D664EC4000EA5AF /* Assets.xcassets */,
				83E4D6392D664EC4000EA5AF /* Preview Content */,
			);
			path = SwiftUI1;
			sourceTree = "<group>";
		};
		83E4D6392D664EC4000EA5AF /* Preview Content */ = {
			isa = PBXGroup;
			children = (
				83E4D63A2D664EC4000EA5AF /* Preview Assets.xcassets */,
			);
			path = "Preview Content";
			sourceTree = "<group>";
		};
		83E4D6432D664EC4000EA5AF /* SwiftUI1Tests */ = {
			isa = PBXGroup;
			children = (
				83E4D6442D664EC4000EA5AF /* SwiftUI1Tests.swift */,
			);
			path = SwiftUI1Tests;
			sourceTree = "<group>";
		};
		83E4D64D2D664EC4000EA5AF /* SwiftUI1UITests */ = {
			isa = PBXGroup;
			children = (
				83E4D64E2D664EC4000EA5AF /* SwiftUI1UITests.swift */,
				83E4D6502D664EC4000EA5AF /* SwiftUI1UITestsLaunchTests.swift */,
			);
			path = SwiftUI1UITests;
			sourceTree = "<group>";
		};
/* End PBXGroup section */

/* Begin PBXNativeTarget section */
		83E4D62F2D664EBC000EA5AF /* SwiftUI1 */ = {
			isa = PBXNativeTarget;
			buildConfigurationList = 83E4D6542D664EC4000EA5AF /* Build configuration list for PBXNativeTarget "SwiftUI1" */;
			buildPhases = (
				83E4D62C2D664EBC000EA5AF /* Sources */,
				83E4D62D2D664EBC000EA5AF /* Frameworks */,
				83E4D62E2D664EBC000EA5AF /* Resources */,
			);
			buildRules = (
			);
			dependencies = (
			);
			name = SwiftUI1;
			productName = SwiftUI1;
			productReference = 83E4D6302D664EBC000EA5AF /* SwiftUI1.app */;
			productType = "com.apple.product-type.application";
		};
		83E4D63F2D664EC4000EA5AF /* SwiftUI1Tests */ = {
			isa = PBXNativeTarget;
			buildConfigurationList = 83E4D6572D664EC4000EA5AF /* Build configuration list for PBXNativeTarget "SwiftUI1Tests" */;
			buildPhases = (
				83E4D63C2D664EC4000EA5AF /* Sources */,
				83E4D63D2D664EC4000EA5AF /* Frameworks */,
				83E4D63E2D664EC4000EA5AF /* Resources */,
			);
			buildRules = (
			);
			dependencies = (
				83E4D6422D664EC4000EA5AF /* PBXTargetDependency */,
			);
			name = SwiftUI1Tests;
			productName = SwiftUI1Tests;
			productReference = 83E4D6402D664EC4000EA5AF /* SwiftUI1Tests.xctest */;
			productType = "com.apple.product-type.bundle.unit-test";
		};
		83E4D6492D664EC4000EA5AF /* SwiftUI1UITests */ = {
			isa = PBXNativeTarget;
			buildConfigurationList = 83E4D65A2D664EC4000EA5AF /* Build configuration list for PBXNativeTarget "SwiftUI1UITests" */;
			buildPhases = (
				83E4D6462D664EC4000EA5AF /* Sources */,
				83E4D6472D664EC4000EA5AF /* Frameworks */,
				83E4D6482D664EC4000EA5AF /* Resources */,
			);
			buildRules = (
			);
			dependencies = (
				83E4D64C2D664EC4000EA5AF /* PBXTargetDependency */,
			);
			name = SwiftUI1UITests;
			productName = SwiftUI1UITests;
			productReference = 83E4D64A2D664EC4000EA5AF /* SwiftUI1UITests.xctest */;
			productType = "com.apple.product-type.bundle.ui-testing";
		};
/* End PBXNativeTarget section */

/* Begin PBXProject section */
		83E4D6282D664EBC000EA5AF /* Project object */ = {
			isa = PBXProject;
			attributes = {
				BuildIndependentTargetsInParallel = 1;
				LastSwiftUpdateCheck = 1330;
				LastUpgradeCheck = 1330;
				TargetAttributes = {
					83E4D62F2D664EBC000EA5AF = {
						CreatedOnToolsVersion = 13.3;
					};
					83E4D63F2D664EC4000EA5AF = {
						CreatedOnToolsVersion = 13.3;
						TestTargetID = 83E4D62F2D664EBC000EA5AF;
					};
					83E4D6492D664EC4000EA5AF = {
						CreatedOnToolsVersion = 13.3;
						TestTargetID = 83E4D62F2D664EBC000EA5AF;
					};
				};
			};
			buildConfigurationList = 83E4D62B2D664EBC000EA5AF /* Build configuration list for PBXProject "SwiftUI1" */;
			compatibilityVersion = "Xcode 13.0";
			developmentRegion = en;
			hasScannedForEncodings = 0;
			knownRegions = (
				en,
				Base,
			);
			mainGroup = 83E4D6272D664EBC000EA5AF;
			productRefGroup = 83E4D6312D664EBC000EA5AF /* Products */;
			projectDirPath = "";
			projectRoot = "";
			targets = (
				83E4D62F2D664EBC000EA5AF /* SwiftUI1 */,
				83E4D63F2D664EC4000EA5AF /* SwiftUI1Tests */,
				83E4D6492D664EC4000EA5AF /* SwiftUI1UITests */,
			);
		};
/* End PBXProject section */

/* Begin PBXResourcesBuildPhase section */
		83E4D62E2D664EBC000EA5AF /* Resources */ = {
			isa = PBXResourcesBuildPhase;
			buildActionMask = 2147483647;
			files = (
				83E4D63B2D664EC4000EA5AF /* Preview Assets.xcassets in Resources */,
				83E4D6382D664EC4000EA5AF /* Assets.xcassets in Resources */,
			);
			runOnlyForDeploymentPostprocessing = 0;
		};
		83E4D63E2D664EC4000EA5AF /* Resources */ = {
			isa = PBXResourcesBuildPhase;
			buildActionMask = 2147483647;
			files = (
			);
			runOnlyForDeploymentPostprocessing = 0;
		};
		83E4D6482D664EC4000EA5AF /* Resources */ = {
			isa = PBXResourcesBuildPhase;
			buildActionMask = 2147483647;
			files = (
			);
			runOnlyForDeploymentPostprocessing = 0;
		};
/* End PBXResourcesBuildPhase section */

/* Begin PBXSourcesBuildPhase section */
		83E4D62C2D664EBC000EA5AF /* Sources */ = {
			isa = PBXSourcesBuildPhase;
			buildActionMask = 2147483647;
			files = (
				83E4D6362D664EBC000EA5AF /* ContentView.swift in Sources */,
				83E4D6342D664EBC000EA5AF /* SwiftUI1App.swift in Sources */,
			);
			runOnlyForDeploymentPostprocessing = 0;
		};
		83E4D63C2D664EC4000EA5AF /* Sources */ = {
			isa = PBXSourcesBuildPhase;
			buildActionMask = 2147483647;
			files = (
				83E4D6452D664EC4000EA5AF /* SwiftUI1Tests.swift in Sources */,
			);
			runOnlyForDeploymentPostprocessing = 0;
		};
		83E4D6462D664EC4000EA5AF /* Sources */ = {
			isa = PBXSourcesBuildPhase;
			buildActionMask = 2147483647;
			files = (
				83E4D6512D664EC4000EA5AF /* SwiftUI1UITestsLaunchTests.swift in Sources */,
				83E4D64F2D664EC4000EA5AF /* SwiftUI1UITests.swift in Sources */,
			);
			runOnlyForDeploymentPostprocessing = 0;
		};
/* End PBXSourcesBuildPhase section */

/* Begin PBXTargetDependency section */
		83E4D6422D664EC4000EA5AF /* PBXTargetDependency */ = {
			isa = PBXTargetDependency;
			target = 83E4D62F2D664EBC000EA5AF /* SwiftUI1 */;
			targetProxy = 83E4D6412D664EC4000EA5AF /* PBXContainerItemProxy */;
		};
		83E4D64C2D664EC4000EA5AF /* PBXTargetDependency */ = {
			isa = PBXTargetDependency;
			target = 83E4D62F2D664EBC000EA5AF /* SwiftUI1 */;
			targetProxy = 83E4D64B2D664EC4000EA5AF /* PBXContainerItemProxy */;
		};
/* End PBXTargetDependency section */

/* Begin XCBuildConfiguration section */
		83E4D6522D664EC4000EA5AF /* Debug */ = {
			isa = XCBuildConfiguration;
			buildSettings = {
				ALWAYS_SEARCH_USER_PATHS = NO;
				CLANG_ANALYZER_NONNULL = YES;
				CLANG_ANALYZER_NUMBER_OBJECT_CONVERSION = YES_AGGRESSIVE;
				CLANG_CXX_LANGUAGE_STANDARD = "gnu++17";
				CLANG_ENABLE_MODULES = YES;
				CLANG_ENABLE_OBJC_ARC = YES;
				CLANG_ENABLE_OBJC_WEAK = YES;
				CLANG_WARN_BLOCK_CAPTURE_AUTORELEASING = YES;
				CLANG_WARN_BOOL_CONVERSION = YES;
				CLANG_WARN_COMMA = YES;
				CLANG_WARN_CONSTANT_CONVERSION = YES;
				CLANG_WARN_DEPRECATED_OBJC_IMPLEMENTATIONS = YES;
				CLANG_WARN_DIRECT_OBJC_ISA_USAGE = YES_ERROR;
				CLANG_WARN_DOCUMENTATION_COMMENTS = YES;
				CLANG_WARN_EMPTY_BODY = YES;
				CLANG_WARN_ENUM_CONVERSION = YES;
				CLANG_WARN_INFINITE_RECURSION = YES;
				CLANG_WARN_INT_CONVERSION = YES;
				CLANG_WARN_NON_LITERAL_NULL_CONVERSION = YES;
				CLANG_WARN_OBJC_IMPLICIT_RETAIN_SELF = YES;
				CLANG_WARN_OBJC_LITERAL_CONVERSION = YES;
				CLANG_WARN_OBJC_ROOT_CLASS = YES_ERROR;
				CLANG_WARN_QUOTED_INCLUDE_IN_FRAMEWORK_HEADER = YES;
				CLANG_WARN_RANGE_LOOP_ANALYSIS = YES;
				CLANG_WARN_STRICT_PROTOTYPES = YES;
				CLANG_WARN_SUSPICIOUS_MOVE = YES;
				CLANG_WARN_UNGUARDED_AVAILABILITY = YES_AGGRESSIVE;
				CLANG_WARN_UNREACHABLE_CODE = YES;
				CLANG_WARN__DUPLICATE_METHOD_MATCH = YES;
				COPY_PHASE_STRIP = NO;
				DEBUG_INFORMATION_FORMAT = dwarf;
				ENABLE_STRICT_OBJC_MSGSEND = YES;
				ENABLE_TESTABILITY = YES;
				GCC_C_LANGUAGE_STANDARD = gnu11;
				GCC_DYNAMIC_NO_PIC = NO;
				GCC_NO_COMMON_BLOCKS = YES;
				GCC_OPTIMIZATION_LEVEL = 0;
				GCC_PREPROCESSOR_DEFINITIONS = (
					"DEBUG=1",
					"$(inherited)",
				);
				GCC_WARN_64_TO_32_BIT_CONVERSION = YES;
				GCC_WARN_ABOUT_RETURN_TYPE = YES_ERROR;
				GCC_WARN_UNDECLARED_SELECTOR = YES;
				GCC_WARN_UNINITIALIZED_AUTOS = YES_AGGRESSIVE;
				GCC_WARN_UNUSED_FUNCTION = YES;
				GCC_WARN_UNUSED_VARIABLE = YES;
				IPHONEOS_DEPLOYMENT_TARGET = 15.4;
				MTL_ENABLE_DEBUG_INFO = INCLUDE_SOURCE;
				MTL_FAST_MATH = YES;
				ONLY_ACTIVE_ARCH = YES;
				SDKROOT = iphoneos;
				SWIFT_ACTIVE_COMPILATION_CONDITIONS = DEBUG;
				SWIFT_OPTIMIZATION_LEVEL = "-Onone";
			};
			name = Debug;
		};
		83E4D6532D664EC4000EA5AF /* Release */ = {
			isa = XCBuildConfiguration;
			buildSettings = {
				ALWAYS_SEARCH_USER_PATHS = NO;
				CLANG_ANALYZER_NONNULL = YES;
				CLANG_ANALYZER_NUMBER_OBJECT_CONVERSION = YES_AGGRESSIVE;
				CLANG_CXX_LANGUAGE_STANDARD = "gnu++17";
				CLANG_ENABLE_MODULES = YES;
				CLANG_ENABLE_OBJC_ARC = YES;
				CLANG_ENABLE_OBJC_WEAK = YES;
				CLANG_WARN_BLOCK_CAPTURE_AUTORELEASING = YES;
				CLANG_WARN_BOOL_CONVERSION = YES;
				CLANG_WARN_COMMA = YES;
				CLANG_WARN_CONSTANT_CONVERSION = YES;
				CLANG_WARN_DEPRECATED_OBJC_IMPLEMENTATIONS = YES;
				CLANG_WARN_DIRECT_OBJC_ISA_USAGE = YES_ERROR;
				CLANG_WARN_DOCUMENTATION_COMMENTS = YES;
				CLANG_WARN_EMPTY_BODY = YES;
				CLANG_WARN_ENUM_CONVERSION = YES;
				CLANG_WARN_INFINITE_RECURSION = YES;
				CLANG_WARN_INT_CONVERSION = YES;
				CLANG_WARN_NON_LITERAL_NULL_CONVERSION = YES;
				CLANG_WARN_OBJC_IMPLICIT_RETAIN_SELF = YES;
				CLANG_WARN_OBJC_LITERAL_CONVERSION = YES;
				CLANG_WARN_OBJC_ROOT_CLASS = YES_ERROR;
				CLANG_WARN_QUOTED_INCLUDE_IN_FRAMEWORK_HEADER = YES;
				CLANG_WARN_RANGE_LOOP_ANALYSIS = YES;
				CLANG_WARN_STRICT_PROTOTYPES = YES;
				CLANG_WARN_SUSPICIOUS_MOVE = YES;
				CLANG_WARN_UNGUARDED_AVAILABILITY = YES_AGGRESSIVE;
				CLANG_WARN_UNREACHABLE_CODE = YES;
				CLANG_WARN__DUPLICATE_METHOD_MATCH = YES;
				COPY_PHASE_STRIP = NO;
				DEBUG_INFORMATION_FORMAT = "dwarf-with-dsym";
				ENABLE_NS_ASSERTIONS = NO;
				ENABLE_STRICT_OBJC_MSGSEND = YES;
				GCC_C_LANGUAGE_STANDARD = gnu11;
				GCC_NO_COMMON_BLOCKS = YES;
				GCC_WARN_64_TO_32_BIT_CONVERSION = YES;
				GCC_WARN_ABOUT_RETURN_TYPE = YES_ERROR;
				GCC_WARN_UNDECLARED_SELECTOR = YES;
				GCC_WARN_UNINITIALIZED_AUTOS = YES_AGGRESSIVE;
				GCC_WARN_UNUSED_FUNCTION = YES;
				GCC_WARN_UNUSED_VARIABLE = YES;
				IPHONEOS_DEPLOYMENT_TARGET = 15.4;
				MTL_ENABLE_DEBUG_INFO = NO;
				MTL_FAST_MATH = YES;
				SDKROOT = iphoneos;
				SWIFT_COMPILATION_MODE = wholemodule;
				SWIFT_OPTIMIZATION_LEVEL = "-O";
				VALIDATE_PRODUCT = YES;
			};
			name = Release;
		};
		83E4D6552D664EC4000EA5AF /* Debug */ = {
			isa = XCBuildConfiguration;
			buildSettings = {
				ASSETCATALOG_COMPILER_APPICON_NAME = AppIcon;
				ASSETCATALOG_COMPILER_GLOBAL_ACCENT_COLOR_NAME = AccentColor;
				CODE_SIGN_STYLE = Automatic;
				CURRENT_PROJECT_VERSION = 1;
				DEVELOPMENT_ASSET_PATHS = "\"SwiftUI1/Preview Content\"";
				ENABLE_PREVIEWS = YES;
				GENERATE_INFOPLIST_FILE = YES;
				INFOPLIST_KEY_UIApplicationSceneManifest_Generation = YES;
				INFOPLIST_KEY_UIApplicationSupportsIndirectInputEvents = YES;
				INFOPLIST_KEY_UILaunchScreen_Generation = YES;
				INFOPLIST_KEY_UISupportedInterfaceOrientations_iPad = "UIInterfaceOrientationPortrait UIInterfaceOrientationPortraitUpsideDown UIInterfaceOrientationLandscapeLeft UIInterfaceOrientationLandscapeRight";
				INFOPLIST_KEY_UISupportedInterfaceOrientations_iPhone = "UIInterfaceOrientationPortrait UIInterfaceOrientationLandscapeLeft UIInterfaceOrientationLandscapeRight";
				LD_RUNPATH_SEARCH_PATHS = (
					"$(inherited)",
					"@executable_path/Frameworks",
				);
				MARKETING_VERSION = 1.0;
				PRODUCT_BUNDLE_IDENTIFIER = vasilijkrylov.SwiftUI1;
				PRODUCT_NAME = "$(TARGET_NAME)";
				SWIFT_EMIT_LOC_STRINGS = YES;
				SWIFT_VERSION = 5.0;
				TARGETED_DEVICE_FAMILY = "1,2";
			};
			name = Debug;
		};
		83E4D6562D664EC4000EA5AF /* Release */ = {
			isa = XCBuildConfiguration;
			buildSettings = {
				ASSETCATALOG_COMPILER_APPICON_NAME = AppIcon;
				ASSETCATALOG_COMPILER_GLOBAL_ACCENT_COLOR_NAME = AccentColor;
				CODE_SIGN_STYLE = Automatic;
				CURRENT_PROJECT_VERSION = 1;
				DEVELOPMENT_ASSET_PATHS = "\"SwiftUI1/Preview Content\"";
				ENABLE_PREVIEWS = YES;
				GENERATE_INFOPLIST_FILE = YES;
				INFOPLIST_KEY_UIApplicationSceneManifest_Generation = YES;
				INFOPLIST_KEY_UIApplicationSupportsIndirectInputEvents = YES;
				INFOPLIST_KEY_UILaunchScreen_Generation = YES;
				INFOPLIST_KEY_UISupportedInterfaceOrientations_iPad = "UIInterfaceOrientationPortrait UIInterfaceOrientationPortraitUpsideDown UIInterfaceOrientationLandscapeLeft UIInterfaceOrientationLandscapeRight";
				INFOPLIST_KEY_UISupportedInterfaceOrientations_iPhone = "UIInterfaceOrientationPortrait UIInterfaceOrientationLandscapeLeft UIInterfaceOrientationLandscapeRight";
				LD_RUNPATH_SEARCH_PATHS = (
					"$(inherited)",
					"@executable_path/Frameworks",
				);
				MARKETING_VERSION = 1.0;
				PRODUCT_BUNDLE_IDENTIFIER = vasilijkrylov.SwiftUI1;
				PRODUCT_NAME = "$(TARGET_NAME)";
				SWIFT_EMIT_LOC_STRINGS = YES;
				SWIFT_VERSION = 5.0;
				TARGETED_DEVICE_FAMILY = "1,2";
			};
			name = Release;
		};
		83E4D6582D664EC4000EA5AF /* Debug */ = {
			isa = XCBuildConfiguration;
			buildSettings = {
				ALWAYS_EMBED_SWIFT_STANDARD_LIBRARIES = YES;
				BUNDLE_LOADER = "$(TEST_HOST)";
				CODE_SIGN_STYLE = Automatic;
				CURRENT_PROJECT_VERSION = 1;
				GENERATE_INFOPLIST_FILE = YES;
				IPHONEOS_DEPLOYMENT_TARGET = 15.4;
				MARKETING_VERSION = 1.0;
				PRODUCT_BUNDLE_IDENTIFIER = vasilijkrylov.SwiftUI1Tests;
				PRODUCT_NAME = "$(TARGET_NAME)";
				SWIFT_EMIT_LOC_STRINGS = NO;
				SWIFT_VERSION = 5.0;
				TARGETED_DEVICE_FAMILY = "1,2";
				TEST_HOST = "$(BUILT_PRODUCTS_DIR)/SwiftUI1.app/SwiftUI1";
			};
			name = Debug;
		};
		83E4D6592D664EC4000EA5AF /* Release */ = {
			isa = XCBuildConfiguration;
			buildSettings = {
				ALWAYS_EMBED_SWIFT_STANDARD_LIBRARIES = YES;
				BUNDLE_LOADER = "$(TEST_HOST)";
				CODE_SIGN_STYLE = Automatic;
				CURRENT_PROJECT_VERSION = 1;
				GENERATE_INFOPLIST_FILE = YES;
				IPHONEOS_DEPLOYMENT_TARGET = 15.4;
				MARKETING_VERSION = 1.0;
				PRODUCT_BUNDLE_IDENTIFIER = vasilijkrylov.SwiftUI1Tests;
				PRODUCT_NAME = "$(TARGET_NAME)";
				SWIFT_EMIT_LOC_STRINGS = NO;
				SWIFT_VERSION = 5.0;
				TARGETED_DEVICE_FAMILY = "1,2";
				TEST_HOST = "$(BUILT_PRODUCTS_DIR)/SwiftUI1.app/SwiftUI1";
			};
			name = Release;
		};
		83E4D65B2D664EC4000EA5AF /* Debug */ = {
			isa = XCBuildConfiguration;
			buildSettings = {
				ALWAYS_EMBED_SWIFT_STANDARD_LIBRARIES = YES;
				CODE_SIGN_STYLE = Automatic;
				CURRENT_PROJECT_VERSION = 1;
				GENERATE_INFOPLIST_FILE = YES;
				MARKETING_VERSION = 1.0;
				PRODUCT_BUNDLE_IDENTIFIER = vasilijkrylov.SwiftUI1UITests;
				PRODUCT_NAME = "$(TARGET_NAME)";
				SWIFT_EMIT_LOC_STRINGS = NO;
				SWIFT_VERSION = 5.0;
				TARGETED_DEVICE_FAMILY = "1,2";
				TEST_TARGET_NAME = SwiftUI1;
			};
			name = Debug;
		};
		83E4D65C2D664EC4000EA5AF /* Release */ = {
			isa = XCBuildConfiguration;
			buildSettings = {
				ALWAYS_EMBED_SWIFT_STANDARD_LIBRARIES = YES;
				CODE_SIGN_STYLE = Automatic;
				CURRENT_PROJECT_VERSION = 1;
				GENERATE_INFOPLIST_FILE = YES;
				MARKETING_VERSION = 1.0;
				PRODUCT_BUNDLE_IDENTIFIER = vasilijkrylov.SwiftUI1UITests;
				PRODUCT_NAME = "$(TARGET_NAME)";
				SWIFT_EMIT_LOC_STRINGS = NO;
				SWIFT_VERSION = 5.0;
				TARGETED_DEVICE_FAMILY = "1,2";
				TEST_TARGET_NAME = SwiftUI1;
			};
			name = Release;
		};
/* End XCBuildConfiguration section */

/* Begin XCConfigurationList section */
		83E4D62B2D664EBC000EA5AF /* Build configuration list for PBXProject "SwiftUI1" */ = {
			isa = XCConfigurationList;
			buildConfigurations = (
				83E4D6522D664EC4000EA5AF /* Debug */,
				83E4D6532D664EC4000EA5AF /* Release */,
			);
			defaultConfigurationIsVisible = 0;
			defaultConfigurationName = Release;
		};
		83E4D6542D664EC4000EA5AF /* Build configuration list for PBXNativeTarget "SwiftUI1" */ = {
			isa = XCConfigurationList;
			buildConfigurations = (
				83E4D6552D664EC4000EA5AF /* Debug */,
				83E4D6562D664EC4000EA5AF /* Release */,
			);
			defaultConfigurationIsVisible = 0;
			defaultConfigurationName = Release;
		};
		83E4D6572D664EC4000EA5AF /* Build configuration list for PBXNativeTarget "SwiftUI1Tests" */ = {
			isa = XCConfigurationList;
			buildConfigurations = (
				83E4D6582D664EC4000EA5AF /* Debug */,
				83E4D6592D664EC4000EA5AF /* Release */,
			);
			defaultConfigurationIsVisible = 0;
			defaultConfigurationName = Release;
		};
		83E4D65A2D664EC4000EA5AF /* Build configuration list for PBXNativeTarget "SwiftUI1UITests" */ = {
			isa = XCConfigurationList;
			buildConfigurations = (
				83E4D65B2D664EC4000EA5AF /* Debug */,
				83E4D65C2D664EC4000EA5AF /* Release */,
			);
			defaultConfigurationIsVisible = 0;
			defaultConfigurationName = Release;
		};
/* End XCConfigurationList section */
	};
	rootObject = 83E4D6282D664EBC000EA5AF /* Project object */;
}
