// !$*UTF8*$!
{
	archiveVersion = 1;
	classes = {
	};
	objectVersion = 55;
	objects = {

/* Begin PBXBuildFile section */
		8332B3962D685F4D005268F4 /* SwiftUI2App.swift in Sources */ = {isa = PBXBuildFile; fileRef = 8332B3952D685F4D005268F4 /* SwiftUI2App.swift */; };
		8332B3982D685F4D005268F4 /* ContentView.swift in Sources */ = {isa = PBXBuildFile; fileRef = 8332B3972D685F4D005268F4 /* ContentView.swift */; };
		8332B39A2D685F53005268F4 /* Assets.xcassets in Resources */ = {isa = PBXBuildFile; fileRef = 8332B3992D685F53005268F4 /* Assets.xcassets */; };
		8332B39D2D685F53005268F4 /* Preview Assets.xcassets in Resources */ = {isa = PBXBuildFile; fileRef = 8332B39C2D685F53005268F4 /* Preview Assets.xcassets */; };
		8332B3A72D685F54005268F4 /* SwiftUI2Tests.swift in Sources */ = {isa = PBXBuildFile; fileRef = 8332B3A62D685F54005268F4 /* SwiftUI2Tests.swift */; };
		8332B3B12D685F54005268F4 /* SwiftUI2UITests.swift in Sources */ = {isa = PBXBuildFile; fileRef = 8332B3B02D685F54005268F4 /* SwiftUI2UITests.swift */; };
		8332B3B32D685F54005268F4 /* SwiftUI2UITestsLaunchTests.swift in Sources */ = {isa = PBXBuildFile; fileRef = 8332B3B22D685F54005268F4 /* SwiftUI2UITestsLaunchTests.swift */; };
/* End PBXBuildFile section */

/* Begin PBXContainerItemProxy section */
		8332B3A32D685F54005268F4 /* PBXContainerItemProxy */ = {
			isa = PBXContainerItemProxy;
			containerPortal = 8332B38A2D685F4D005268F4 /* Project object */;
			proxyType = 1;
			remoteGlobalIDString = 8332B3912D685F4D005268F4;
			remoteInfo = SwiftUI2;
		};
		8332B3AD2D685F54005268F4 /* PBXContainerItemProxy */ = {
			isa = PBXContainerItemProxy;
			containerPortal = 8332B38A2D685F4D005268F4 /* Project object */;
			proxyType = 1;
			remoteGlobalIDString = 8332B3912D685F4D005268F4;
			remoteInfo = SwiftUI2;
		};
/* End PBXContainerItemProxy section */

/* Begin PBXFileReference section */
		8332B3922D685F4D005268F4 /* SwiftUI2.app */ = {isa = PBXFileReference; explicitFileType = wrapper.application; includeInIndex = 0; path = SwiftUI2.app; sourceTree = BUILT_PRODUCTS_DIR; };
		8332B3952D685F4D005268F4 /* SwiftUI2App.swift */ = {isa = PBXFileReference; lastKnownFileType = sourcecode.swift; path = SwiftUI2App.swift; sourceTree = "<group>"; };
		8332B3972D685F4D005268F4 /* ContentView.swift */ = {isa = PBXFileReference; lastKnownFileType = sourcecode.swift; path = ContentView.swift; sourceTree = "<group>"; };
		8332B3992D685F53005268F4 /* Assets.xcassets */ = {isa = PBXFileReference; lastKnownFileType = folder.assetcatalog; path = Assets.xcassets; sourceTree = "<group>"; };
		8332B39C2D685F53005268F4 /* Preview Assets.xcassets */ = {isa = PBXFileReference; lastKnownFileType = folder.assetcatalog; path = "Preview Assets.xcassets"; sourceTree = "<group>"; };
		8332B3A22D685F54005268F4 /* SwiftUI2Tests.xctest */ = {isa = PBXFileReference; explicitFileType = wrapper.cfbundle; includeInIndex = 0; path = SwiftUI2Tests.xctest; sourceTree = BUILT_PRODUCTS_DIR; };
		8332B3A62D685F54005268F4 /* SwiftUI2Tests.swift */ = {isa = PBXFileReference; lastKnownFileType = sourcecode.swift; path = SwiftUI2Tests.swift; sourceTree = "<group>"; };
		8332B3AC2D685F54005268F4 /* SwiftUI2UITests.xctest */ = {isa = PBXFileReference; explicitFileType = wrapper.cfbundle; includeInIndex = 0; path = SwiftUI2UITests.xctest; sourceTree = BUILT_PRODUCTS_DIR; };
		8332B3B02D685F54005268F4 /* SwiftUI2UITests.swift */ = {isa = PBXFileReference; lastKnownFileType = sourcecode.swift; path = SwiftUI2UITests.swift; sourceTree = "<group>"; };
		8332B3B22D685F54005268F4 /* SwiftUI2UITestsLaunchTests.swift */ = {isa = PBXFileReference; lastKnownFileType = sourcecode.swift; path = SwiftUI2UITestsLaunchTests.swift; sourceTree = "<group>"; };
/* End PBXFileReference section */

/* Begin PBXFrameworksBuildPhase section */
		8332B38F2D685F4D005268F4 /* Frameworks */ = {
			isa = PBXFrameworksBuildPhase;
			buildActionMask = 2147483647;
			files = (
			);
			runOnlyForDeploymentPostprocessing = 0;
		};
		8332B39F2D685F54005268F4 /* Frameworks */ = {
			isa = PBXFrameworksBuildPhase;
			buildActionMask = 2147483647;
			files = (
			);
			runOnlyForDeploymentPostprocessing = 0;
		};
		8332B3A92D685F54005268F4 /* Frameworks */ = {
			isa = PBXFrameworksBuildPhase;
			buildActionMask = 2147483647;
			files = (
			);
			runOnlyForDeploymentPostprocessing = 0;
		};
/* End PBXFrameworksBuildPhase section */

/* Begin PBXGroup section */
		8332B3892D685F4D005268F4 = {
			isa = PBXGroup;
			children = (
				8332B3942D685F4D005268F4 /* SwiftUI2 */,
				8332B3A52D685F54005268F4 /* SwiftUI2Tests */,
				8332B3AF2D685F54005268F4 /* SwiftUI2UITests */,
				8332B3932D685F4D005268F4 /* Products */,
			);
			sourceTree = "<group>";
		};
		8332B3932D685F4D005268F4 /* Products */ = {
			isa = PBXGroup;
			children = (
				8332B3922D685F4D005268F4 /* SwiftUI2.app */,
				8332B3A22D685F54005268F4 /* SwiftUI2Tests.xctest */,
				8332B3AC2D685F54005268F4 /* SwiftUI2UITests.xctest */,
			);
			name = Products;
			sourceTree = "<group>";
		};
		8332B3942D685F4D005268F4 /* SwiftUI2 */ = {
			isa = PBXGroup;
			children = (
				8332B3952D685F4D005268F4 /* SwiftUI2App.swift */,
				8332B3972D685F4D005268F4 /* ContentView.swift */,
				8332B3992D685F53005268F4 /* Assets.xcassets */,
				8332B39B2D685F53005268F4 /* Preview Content */,
			);
			path = SwiftUI2;
			sourceTree = "<group>";
		};
		8332B39B2D685F53005268F4 /* Preview Content */ = {
			isa = PBXGroup;
			children = (
				8332B39C2D685F53005268F4 /* Preview Assets.xcassets */,
			);
			path = "Preview Content";
			sourceTree = "<group>";
		};
		8332B3A52D685F54005268F4 /* SwiftUI2Tests */ = {
			isa = PBXGroup;
			children = (
				8332B3A62D685F54005268F4 /* SwiftUI2Tests.swift */,
			);
			path = SwiftUI2Tests;
			sourceTree = "<group>";
		};
		8332B3AF2D685F54005268F4 /* SwiftUI2UITests */ = {
			isa = PBXGroup;
			children = (
				8332B3B02D685F54005268F4 /* SwiftUI2UITests.swift */,
				8332B3B22D685F54005268F4 /* SwiftUI2UITestsLaunchTests.swift */,
			);
			path = SwiftUI2UITests;
			sourceTree = "<group>";
		};
/* End PBXGroup section */

/* Begin PBXNativeTarget section */
		8332B3912D685F4D005268F4 /* SwiftUI2 */ = {
			isa = PBXNativeTarget;
			buildConfigurationList = 8332B3B62D685F54005268F4 /* Build configuration list for PBXNativeTarget "SwiftUI2" */;
			buildPhases = (
				8332B38E2D685F4D005268F4 /* Sources */,
				8332B38F2D685F4D005268F4 /* Frameworks */,
				8332B3902D685F4D005268F4 /* Resources */,
			);
			buildRules = (
			);
			dependencies = (
			);
			name = SwiftUI2;
			productName = SwiftUI2;
			productReference = 8332B3922D685F4D005268F4 /* SwiftUI2.app */;
			productType = "com.apple.product-type.application";
		};
		8332B3A12D685F54005268F4 /* SwiftUI2Tests */ = {
			isa = PBXNativeTarget;
			buildConfigurationList = 8332B3B92D685F54005268F4 /* Build configuration list for PBXNativeTarget "SwiftUI2Tests" */;
			buildPhases = (
				8332B39E2D685F54005268F4 /* Sources */,
				8332B39F2D685F54005268F4 /* Frameworks */,
				8332B3A02D685F54005268F4 /* Resources */,
			);
			buildRules = (
			);
			dependencies = (
				8332B3A42D685F54005268F4 /* PBXTargetDependency */,
			);
			name = SwiftUI2Tests;
			productName = SwiftUI2Tests;
			productReference = 8332B3A22D685F54005268F4 /* SwiftUI2Tests.xctest */;
			productType = "com.apple.product-type.bundle.unit-test";
		};
		8332B3AB2D685F54005268F4 /* SwiftUI2UITests */ = {
			isa = PBXNativeTarget;
			buildConfigurationList = 8332B3BC2D685F54005268F4 /* Build configuration list for PBXNativeTarget "SwiftUI2UITests" */;
			buildPhases = (
				8332B3A82D685F54005268F4 /* Sources */,
				8332B3A92D685F54005268F4 /* Frameworks */,
				8332B3AA2D685F54005268F4 /* Resources */,
			);
			buildRules = (
			);
			dependencies = (
				8332B3AE2D685F54005268F4 /* PBXTargetDependency */,
			);
			name = SwiftUI2UITests;
			productName = SwiftUI2UITests;
			productReference = 8332B3AC2D685F54005268F4 /* SwiftUI2UITests.xctest */;
			productType = "com.apple.product-type.bundle.ui-testing";
		};
/* End PBXNativeTarget section */

/* Begin PBXProject section */
		8332B38A2D685F4D005268F4 /* Project object */ = {
			isa = PBXProject;
			attributes = {
				BuildIndependentTargetsInParallel = 1;
				LastSwiftUpdateCheck = 1330;
				LastUpgradeCheck = 1330;
				TargetAttributes = {
					8332B3912D685F4D005268F4 = {
						CreatedOnToolsVersion = 13.3;
					};
					8332B3A12D685F54005268F4 = {
						CreatedOnToolsVersion = 13.3;
						TestTargetID = 8332B3912D685F4D005268F4;
					};
					8332B3AB2D685F54005268F4 = {
						CreatedOnToolsVersion = 13.3;
						TestTargetID = 8332B3912D685F4D005268F4;
					};
				};
			};
			buildConfigurationList = 8332B38D2D685F4D005268F4 /* Build configuration list for PBXProject "SwiftUI2" */;
			compatibilityVersion = "Xcode 13.0";
			developmentRegion = en;
			hasScannedForEncodings = 0;
			knownRegions = (
				en,
				Base,
			);
			mainGroup = 8332B3892D685F4D005268F4;
			productRefGroup = 8332B3932D685F4D005268F4 /* Products */;
			projectDirPath = "";
			projectRoot = "";
			targets = (
				8332B3912D685F4D005268F4 /* SwiftUI2 */,
				8332B3A12D685F54005268F4 /* SwiftUI2Tests */,
				8332B3AB2D685F54005268F4 /* SwiftUI2UITests */,
			);
		};
/* End PBXProject section */

/* Begin PBXResourcesBuildPhase section */
		8332B3902D685F4D005268F4 /* Resources */ = {
			isa = PBXResourcesBuildPhase;
			buildActionMask = 2147483647;
			files = (
				8332B39D2D685F53005268F4 /* Preview Assets.xcassets in Resources */,
				8332B39A2D685F53005268F4 /* Assets.xcassets in Resources */,
			);
			runOnlyForDeploymentPostprocessing = 0;
		};
		8332B3A02D685F54005268F4 /* Resources */ = {
			isa = PBXResourcesBuildPhase;
			buildActionMask = 2147483647;
			files = (
			);
			runOnlyForDeploymentPostprocessing = 0;
		};
		8332B3AA2D685F54005268F4 /* Resources */ = {
			isa = PBXResourcesBuildPhase;
			buildActionMask = 2147483647;
			files = (
			);
			runOnlyForDeploymentPostprocessing = 0;
		};
/* End PBXResourcesBuildPhase section */

/* Begin PBXSourcesBuildPhase section */
		8332B38E2D685F4D005268F4 /* Sources */ = {
			isa = PBXSourcesBuildPhase;
			buildActionMask = 2147483647;
			files = (
				8332B3982D685F4D005268F4 /* ContentView.swift in Sources */,
				8332B3962D685F4D005268F4 /* SwiftUI2App.swift in Sources */,
			);
			runOnlyForDeploymentPostprocessing = 0;
		};
		8332B39E2D685F54005268F4 /* Sources */ = {
			isa = PBXSourcesBuildPhase;
			buildActionMask = 2147483647;
			files = (
				8332B3A72D685F54005268F4 /* SwiftUI2Tests.swift in Sources */,
			);
			runOnlyForDeploymentPostprocessing = 0;
		};
		8332B3A82D685F54005268F4 /* Sources */ = {
			isa = PBXSourcesBuildPhase;
			buildActionMask = 2147483647;
			files = (
				8332B3B32D685F54005268F4 /* SwiftUI2UITestsLaunchTests.swift in Sources */,
				8332B3B12D685F54005268F4 /* SwiftUI2UITests.swift in Sources */,
			);
			runOnlyForDeploymentPostprocessing = 0;
		};
/* End PBXSourcesBuildPhase section */

/* Begin PBXTargetDependency section */
		8332B3A42D685F54005268F4 /* PBXTargetDependency */ = {
			isa = PBXTargetDependency;
			target = 8332B3912D685F4D005268F4 /* SwiftUI2 */;
			targetProxy = 8332B3A32D685F54005268F4 /* PBXContainerItemProxy */;
		};
		8332B3AE2D685F54005268F4 /* PBXTargetDependency */ = {
			isa = PBXTargetDependency;
			target = 8332B3912D685F4D005268F4 /* SwiftUI2 */;
			targetProxy = 8332B3AD2D685F54005268F4 /* PBXContainerItemProxy */;
		};
/* End PBXTargetDependency section */

/* Begin XCBuildConfiguration section */
		8332B3B42D685F54005268F4 /* Debug */ = {
			isa = XCBuildConfiguration;
			buildSettings = {
				ALWAYS_SEARCH_USER_PATHS = NO;
				CLANG_ANALYZER_NONNULL = YES;
				CLANG_ANALYZER_NUMBER_OBJECT_CONVERSION = YES_AGGRESSIVE;
				CLANG_CXX_LANGUAGE_STANDARD = "gnu++17";
				CLANG_ENABLE_MODULES = YES;
				CLANG_ENABLE_OBJC_ARC = YES;
				CLANG_ENABLE_OBJC_WEAK = YES;
				CLANG_WARN_BLOCK_CAPTURE_AUTORELEASING = YES;
				CLANG_WARN_BOOL_CONVERSION = YES;
				CLANG_WARN_COMMA = YES;
				CLANG_WARN_CONSTANT_CONVERSION = YES;
				CLANG_WARN_DEPRECATED_OBJC_IMPLEMENTATIONS = YES;
				CLANG_WARN_DIRECT_OBJC_ISA_USAGE = YES_ERROR;
				CLANG_WARN_DOCUMENTATION_COMMENTS = YES;
				CLANG_WARN_EMPTY_BODY = YES;
				CLANG_WARN_ENUM_CONVERSION = YES;
				CLANG_WARN_INFINITE_RECURSION = YES;
				CLANG_WARN_INT_CONVERSION = YES;
				CLANG_WARN_NON_LITERAL_NULL_CONVERSION = YES;
				CLANG_WARN_OBJC_IMPLICIT_RETAIN_SELF = YES;
				CLANG_WARN_OBJC_LITERAL_CONVERSION = YES;
				CLANG_WARN_OBJC_ROOT_CLASS = YES_ERROR;
				CLANG_WARN_QUOTED_INCLUDE_IN_FRAMEWORK_HEADER = YES;
				CLANG_WARN_RANGE_LOOP_ANALYSIS = YES;
				CLANG_WARN_STRICT_PROTOTYPES = YES;
				CLANG_WARN_SUSPICIOUS_MOVE = YES;
				CLANG_WARN_UNGUARDED_AVAILABILITY = YES_AGGRESSIVE;
				CLANG_WARN_UNREACHABLE_CODE = YES;
				CLANG_WARN__DUPLICATE_METHOD_MATCH = YES;
				COPY_PHASE_STRIP = NO;
				DEBUG_INFORMATION_FORMAT = dwarf;
				ENABLE_STRICT_OBJC_MSGSEND = YES;
				ENABLE_TESTABILITY = YES;
				GCC_C_LANGUAGE_STANDARD = gnu11;
				GCC_DYNAMIC_NO_PIC = NO;
				GCC_NO_COMMON_BLOCKS = YES;
				GCC_OPTIMIZATION_LEVEL = 0;
				GCC_PREPROCESSOR_DEFINITIONS = (
					"DEBUG=1",
					"$(inherited)",
				);
				GCC_WARN_64_TO_32_BIT_CONVERSION = YES;
				GCC_WARN_ABOUT_RETURN_TYPE = YES_ERROR;
				GCC_WARN_UNDECLARED_SELECTOR = YES;
				GCC_WARN_UNINITIALIZED_AUTOS = YES_AGGRESSIVE;
				GCC_WARN_UNUSED_FUNCTION = YES;
				GCC_WARN_UNUSED_VARIABLE = YES;
				IPHONEOS_DEPLOYMENT_TARGET = 15.4;
				MTL_ENABLE_DEBUG_INFO = INCLUDE_SOURCE;
				MTL_FAST_MATH = YES;
				ONLY_ACTIVE_ARCH = YES;
				SDKROOT = iphoneos;
				SWIFT_ACTIVE_COMPILATION_CONDITIONS = DEBUG;
				SWIFT_OPTIMIZATION_LEVEL = "-Onone";
			};
			name = Debug;
		};
		8332B3B52D685F54005268F4 /* Release */ = {
			isa = XCBuildConfiguration;
			buildSettings = {
				ALWAYS_SEARCH_USER_PATHS = NO;
				CLANG_ANALYZER_NONNULL = YES;
				CLANG_ANALYZER_NUMBER_OBJECT_CONVERSION = YES_AGGRESSIVE;
				CLANG_CXX_LANGUAGE_STANDARD = "gnu++17";
				CLANG_ENABLE_MODULES = YES;
				CLANG_ENABLE_OBJC_ARC = YES;
				CLANG_ENABLE_OBJC_WEAK = YES;
				CLANG_WARN_BLOCK_CAPTURE_AUTORELEASING = YES;
				CLANG_WARN_BOOL_CONVERSION = YES;
				CLANG_WARN_COMMA = YES;
				CLANG_WARN_CONSTANT_CONVERSION = YES;
				CLANG_WARN_DEPRECATED_OBJC_IMPLEMENTATIONS = YES;
				CLANG_WARN_DIRECT_OBJC_ISA_USAGE = YES_ERROR;
				CLANG_WARN_DOCUMENTATION_COMMENTS = YES;
				CLANG_WARN_EMPTY_BODY = YES;
				CLANG_WARN_ENUM_CONVERSION = YES;
				CLANG_WARN_INFINITE_RECURSION = YES;
				CLANG_WARN_INT_CONVERSION = YES;
				CLANG_WARN_NON_LITERAL_NULL_CONVERSION = YES;
				CLANG_WARN_OBJC_IMPLICIT_RETAIN_SELF = YES;
				CLANG_WARN_OBJC_LITERAL_CONVERSION = YES;
				CLANG_WARN_OBJC_ROOT_CLASS = YES_ERROR;
				CLANG_WARN_QUOTED_INCLUDE_IN_FRAMEWORK_HEADER = YES;
				CLANG_WARN_RANGE_LOOP_ANALYSIS = YES;
				CLANG_WARN_STRICT_PROTOTYPES = YES;
				CLANG_WARN_SUSPICIOUS_MOVE = YES;
				CLANG_WARN_UNGUARDED_AVAILABILITY = YES_AGGRESSIVE;
				CLANG_WARN_UNREACHABLE_CODE = YES;
				CLANG_WARN__DUPLICATE_METHOD_MATCH = YES;
				COPY_PHASE_STRIP = NO;
				DEBUG_INFORMATION_FORMAT = "dwarf-with-dsym";
				ENABLE_NS_ASSERTIONS = NO;
				ENABLE_STRICT_OBJC_MSGSEND = YES;
				GCC_C_LANGUAGE_STANDARD = gnu11;
				GCC_NO_COMMON_BLOCKS = YES;
				GCC_WARN_64_TO_32_BIT_CONVERSION = YES;
				GCC_WARN_ABOUT_RETURN_TYPE = YES_ERROR;
				GCC_WARN_UNDECLARED_SELECTOR = YES;
				GCC_WARN_UNINITIALIZED_AUTOS = YES_AGGRESSIVE;
				GCC_WARN_UNUSED_FUNCTION = YES;
				GCC_WARN_UNUSED_VARIABLE = YES;
				IPHONEOS_DEPLOYMENT_TARGET = 15.4;
				MTL_ENABLE_DEBUG_INFO = NO;
				MTL_FAST_MATH = YES;
				SDKROOT = iphoneos;
				SWIFT_COMPILATION_MODE = wholemodule;
				SWIFT_OPTIMIZATION_LEVEL = "-O";
				VALIDATE_PRODUCT = YES;
			};
			name = Release;
		};
		8332B3B72D685F54005268F4 /* Debug */ = {
			isa = XCBuildConfiguration;
			buildSettings = {
				ASSETCATALOG_COMPILER_APPICON_NAME = AppIcon;
				ASSETCATALOG_COMPILER_GLOBAL_ACCENT_COLOR_NAME = AccentColor;
				CODE_SIGN_STYLE = Automatic;
				CURRENT_PROJECT_VERSION = 1;
				DEVELOPMENT_ASSET_PATHS = "\"SwiftUI2/Preview Content\"";
				ENABLE_PREVIEWS = YES;
				GENERATE_INFOPLIST_FILE = YES;
				INFOPLIST_KEY_UIApplicationSceneManifest_Generation = YES;
				INFOPLIST_KEY_UIApplicationSupportsIndirectInputEvents = YES;
				INFOPLIST_KEY_UILaunchScreen_Generation = YES;
				INFOPLIST_KEY_UISupportedInterfaceOrientations_iPad = "UIInterfaceOrientationPortrait UIInterfaceOrientationPortraitUpsideDown UIInterfaceOrientationLandscapeLeft UIInterfaceOrientationLandscapeRight";
				INFOPLIST_KEY_UISupportedInterfaceOrientations_iPhone = "UIInterfaceOrientationPortrait UIInterfaceOrientationLandscapeLeft UIInterfaceOrientationLandscapeRight";
				LD_RUNPATH_SEARCH_PATHS = (
					"$(inherited)",
					"@executable_path/Frameworks",
				);
				MARKETING_VERSION = 1.0;
				PRODUCT_BUNDLE_IDENTIFIER = vasilijkrylov.SwiftUI2;
				PRODUCT_NAME = "$(TARGET_NAME)";
				SWIFT_EMIT_LOC_STRINGS = YES;
				SWIFT_VERSION = 5.0;
				TARGETED_DEVICE_FAMILY = "1,2";
			};
			name = Debug;
		};
		8332B3B82D685F54005268F4 /* Release */ = {
			isa = XCBuildConfiguration;
			buildSettings = {
				ASSETCATALOG_COMPILER_APPICON_NAME = AppIcon;
				ASSETCATALOG_COMPILER_GLOBAL_ACCENT_COLOR_NAME = AccentColor;
				CODE_SIGN_STYLE = Automatic;
				CURRENT_PROJECT_VERSION = 1;
				DEVELOPMENT_ASSET_PATHS = "\"SwiftUI2/Preview Content\"";
				ENABLE_PREVIEWS = YES;
				GENERATE_INFOPLIST_FILE = YES;
				INFOPLIST_KEY_UIApplicationSceneManifest_Generation = YES;
				INFOPLIST_KEY_UIApplicationSupportsIndirectInputEvents = YES;
				INFOPLIST_KEY_UILaunchScreen_Generation = YES;
				INFOPLIST_KEY_UISupportedInterfaceOrientations_iPad = "UIInterfaceOrientationPortrait UIInterfaceOrientationPortraitUpsideDown UIInterfaceOrientationLandscapeLeft UIInterfaceOrientationLandscapeRight";
				INFOPLIST_KEY_UISupportedInterfaceOrientations_iPhone = "UIInterfaceOrientationPortrait UIInterfaceOrientationLandscapeLeft UIInterfaceOrientationLandscapeRight";
				LD_RUNPATH_SEARCH_PATHS = (
					"$(inherited)",
					"@executable_path/Frameworks",
				);
				MARKETING_VERSION = 1.0;
				PRODUCT_BUNDLE_IDENTIFIER = vasilijkrylov.SwiftUI2;
				PRODUCT_NAME = "$(TARGET_NAME)";
				SWIFT_EMIT_LOC_STRINGS = YES;
				SWIFT_VERSION = 5.0;
				TARGETED_DEVICE_FAMILY = "1,2";
			};
			name = Release;
		};
		8332B3BA2D685F54005268F4 /* Debug */ = {
			isa = XCBuildConfiguration;
			buildSettings = {
				ALWAYS_EMBED_SWIFT_STANDARD_LIBRARIES = YES;
				BUNDLE_LOADER = "$(TEST_HOST)";
				CODE_SIGN_STYLE = Automatic;
				CURRENT_PROJECT_VERSION = 1;
				GENERATE_INFOPLIST_FILE = YES;
				IPHONEOS_DEPLOYMENT_TARGET = 15.4;
				MARKETING_VERSION = 1.0;
				PRODUCT_BUNDLE_IDENTIFIER = vasilijkrylov.SwiftUI2Tests;
				PRODUCT_NAME = "$(TARGET_NAME)";
				SWIFT_EMIT_LOC_STRINGS = NO;
				SWIFT_VERSION = 5.0;
				TARGETED_DEVICE_FAMILY = "1,2";
				TEST_HOST = "$(BUILT_PRODUCTS_DIR)/SwiftUI2.app/SwiftUI2";
			};
			name = Debug;
		};
		8332B3BB2D685F54005268F4 /* Release */ = {
			isa = XCBuildConfiguration;
			buildSettings = {
				ALWAYS_EMBED_SWIFT_STANDARD_LIBRARIES = YES;
				BUNDLE_LOADER = "$(TEST_HOST)";
				CODE_SIGN_STYLE = Automatic;
				CURRENT_PROJECT_VERSION = 1;
				GENERATE_INFOPLIST_FILE = YES;
				IPHONEOS_DEPLOYMENT_TARGET = 15.4;
				MARKETING_VERSION = 1.0;
				PRODUCT_BUNDLE_IDENTIFIER = vasilijkrylov.SwiftUI2Tests;
				PRODUCT_NAME = "$(TARGET_NAME)";
				SWIFT_EMIT_LOC_STRINGS = NO;
				SWIFT_VERSION = 5.0;
				TARGETED_DEVICE_FAMILY = "1,2";
				TEST_HOST = "$(BUILT_PRODUCTS_DIR)/SwiftUI2.app/SwiftUI2";
			};
			name = Release;
		};
		8332B3BD2D685F54005268F4 /* Debug */ = {
			isa = XCBuildConfiguration;
			buildSettings = {
				ALWAYS_EMBED_SWIFT_STANDARD_LIBRARIES = YES;
				CODE_SIGN_STYLE = Automatic;
				CURRENT_PROJECT_VERSION = 1;
				GENERATE_INFOPLIST_FILE = YES;
				MARKETING_VERSION = 1.0;
				PRODUCT_BUNDLE_IDENTIFIER = vasilijkrylov.SwiftUI2UITests;
				PRODUCT_NAME = "$(TARGET_NAME)";
				SWIFT_EMIT_LOC_STRINGS = NO;
				SWIFT_VERSION = 5.0;
				TARGETED_DEVICE_FAMILY = "1,2";
				TEST_TARGET_NAME = SwiftUI2;
			};
			name = Debug;
		};
		8332B3BE2D685F54005268F4 /* Release */ = {
			isa = XCBuildConfiguration;
			buildSettings = {
				ALWAYS_EMBED_SWIFT_STANDARD_LIBRARIES = YES;
				CODE_SIGN_STYLE = Automatic;
				CURRENT_PROJECT_VERSION = 1;
				GENERATE_INFOPLIST_FILE = YES;
				MARKETING_VERSION = 1.0;
				PRODUCT_BUNDLE_IDENTIFIER = vasilijkrylov.SwiftUI2UITests;
				PRODUCT_NAME = "$(TARGET_NAME)";
				SWIFT_EMIT_LOC_STRINGS = NO;
				SWIFT_VERSION = 5.0;
				TARGETED_DEVICE_FAMILY = "1,2";
				TEST_TARGET_NAME = SwiftUI2;
			};
			name = Release;
		};
/* End XCBuildConfiguration section */

/* Begin XCConfigurationList section */
		8332B38D2D685F4D005268F4 /* Build configuration list for PBXProject "SwiftUI2" */ = {
			isa = XCConfigurationList;
			buildConfigurations = (
				8332B3B42D685F54005268F4 /* Debug */,
				8332B3B52D685F54005268F4 /* Release */,
			);
			defaultConfigurationIsVisible = 0;
			defaultConfigurationName = Release;
		};
		8332B3B62D685F54005268F4 /* Build configuration list for PBXNativeTarget "SwiftUI2" */ = {
			isa = XCConfigurationList;
			buildConfigurations = (
				8332B3B72D685F54005268F4 /* Debug */,
				8332B3B82D685F54005268F4 /* Release */,
			);
			defaultConfigurationIsVisible = 0;
			defaultConfigurationName = Release;
		};
		8332B3B92D685F54005268F4 /* Build configuration list for PBXNativeTarget "SwiftUI2Tests" */ = {
			isa = XCConfigurationList;
			buildConfigurations = (
				8332B3BA2D685F54005268F4 /* Debug */,
				8332B3BB2D685F54005268F4 /* Release */,
			);
			defaultConfigurationIsVisible = 0;
			defaultConfigurationName = Release;
		};
		8332B3BC2D685F54005268F4 /* Build configuration list for PBXNativeTarget "SwiftUI2UITests" */ = {
			isa = XCConfigurationList;
			buildConfigurations = (
				8332B3BD2D685F54005268F4 /* Debug */,
				8332B3BE2D685F54005268F4 /* Release */,
			);
			defaultConfigurationIsVisible = 0;
			defaultConfigurationName = Release;
		};
/* End XCConfigurationList section */
	};
	rootObject = 8332B38A2D685F4D005268F4 /* Project object */;
}
